
Microsoft Visual Studio Solution File, Format Version 12.00
# Visual Studio Version 17
VisualStudioVersion = 17.9.34728.123
MinimumVisualStudioVersion = 10.0.40219.1
Project("{8BC9CEB8-8B4A-11D0-8D11-00A0C91BC942}") = "SF5)ComPractice", "SF5)ComPractice\SF5)ComPractice.vcxproj", "{00D4C6E0-2885-475C-98D3-E2226E2BBBDA}"
EndProject
Global
	GlobalSection(SolutionConfigurationPlatforms) = preSolution
		Debug|x64 = Debug|x64
		Debug|x86 = Debug|x86
		Release|x64 = Release|x64
		Release|x86 = Release|x86
	EndGlobalSection
	GlobalSection(ProjectConfigurationPlatforms) = postSolution
		{00D4C6E0-2885-475C-98D3-E2226E2BBBDA}.Debug|x64.ActiveCfg = Debug|x64
		{00D4C6E0-2885-475C-98D3-E2226E2BBBDA}.Debug|x64.Build.0 = Debug|x64
		{00D4C6E0-2885-475C-98D3-E2226E2BBBDA}.Debug|x86.ActiveCfg = Debug|Win32
		{00D4C6E0-2885-475C-98D3-E2226E2BBBDA}.Debug|x86.Build.0 = Debug|Win32
		{00D4C6E0-2885-475C-98D3-E2226E2BBBDA}.Release|x64.ActiveCfg = Release|x64
		{00D4C6E0-2885-475C-98D3-E2226E2BBBDA}.Release|x64.Build.0 = Release|x64
		{00D4C6E0-2885-475C-98D3-E2226E2BBBDA}.Release|x86.ActiveCfg = Release|Win32
		{00D4C6E0-2885-475C-98D3-E2226E2BBBDA}.Release|x86.Build.0 = Release|Win32
	EndGlobalSection
	GlobalSection(SolutionProperties) = preSolution
		HideSolutionNode = FALSE
	EndGlobalSection
	GlobalSection(ExtensibilityGlobals) = postSolution
		SolutionGuid = {129C3170-A1D9-488E-ACC8-759D05080A78}
	EndGlobalSection
EndGlobal
